
Microsoft Visual Studio Solution File, Format Version 12.00
# Visual Studio 14
VisualStudioVersion = 14.0.25420.1
MinimumVisualStudioVersion = 10.0.40219.1
Project("{FAE04EC0-301F-11D3-BF4B-00C04F79EFBC}") = "HelperProject", "HelperProject\HelperProject.csproj", "{1C6465C2-9B7B-43C6-ABBA-320AAA6A37C4}"
EndProject
Project("{FAE04EC0-301F-11D3-BF4B-00C04F79EFBC}") = "HelperTest", "HelperTest\HelperTest.csproj", "{AF7B66F4-E8FA-4603-A279-EB37DD9E3594}"
EndProject
Global
	GlobalSection(SolutionConfigurationPlatforms) = preSolution
		Debug|Any CPU = Debug|Any CPU
		Release|Any CPU = Release|Any CPU
	EndGlobalSection
	GlobalSection(ProjectConfigurationPlatforms) = postSolution
		{1C6465C2-9B7B-43C6-ABBA-320AAA6A37C4}.Debug|Any CPU.ActiveCfg = Debug|Any CPU
		{1C6465C2-9B7B-43C6-ABBA-320AAA6A37C4}.Debug|Any CPU.Build.0 = Debug|Any CPU
		{1C6465C2-9B7B-43C6-ABBA-320AAA6A37C4}.Release|Any CPU.ActiveCfg = Release|Any CPU
		{1C6465C2-9B7B-43C6-ABBA-320AAA6A37C4}.Release|Any CPU.Build.0 = Release|Any CPU
		{AF7B66F4-E8FA-4603-A279-EB37DD9E3594}.Debug|Any CPU.ActiveCfg = Debug|Any CPU
		{AF7B66F4-E8FA-4603-A279-EB37DD9E3594}.Debug|Any CPU.Build.0 = Debug|Any CPU
		{AF7B66F4-E8FA-4603-A279-EB37DD9E3594}.Release|Any CPU.ActiveCfg = Release|Any CPU
		{AF7B66F4-E8FA-4603-A279-EB37DD9E3594}.Release|Any CPU.Build.0 = Release|Any CPU
	EndGlobalSection
	GlobalSection(SolutionProperties) = preSolution
		HideSolutionNode = FALSE
	EndGlobalSection
EndGlobal
